
Microsoft Visual Studio Solution File, Format Version 12.00
# Visual Studio 2012
Project("{FAE04EC0-301F-11D3-BF4B-00C04F79EFBC}") = "WindowsFormsApplication2", "WindowsFormsApplication2\WindowsFormsApplication2.csproj", "{BBCC63CB-8B57-4030-A4AC-165DF034C9C2}"
EndProject
Global
	GlobalSection(SolutionConfigurationPlatforms) = preSolution
		Debug|Any CPU = Debug|Any CPU
		Release|Any CPU = Release|Any CPU
	EndGlobalSection
	GlobalSection(ProjectConfigurationPlatforms) = postSolution
		{BBCC63CB-8B57-4030-A4AC-165DF034C9C2}.Debug|Any CPU.ActiveCfg = Debug|Any CPU
		{BBCC63CB-8B57-4030-A4AC-165DF034C9C2}.Debug|Any CPU.Build.0 = Debug|Any CPU
		{BBCC63CB-8B57-4030-A4AC-165DF034C9C2}.Release|Any CPU.ActiveCfg = Release|Any CPU
		{BBCC63CB-8B57-4030-A4AC-165DF034C9C2}.Release|Any CPU.Build.0 = Release|Any CPU
	EndGlobalSection
	GlobalSection(SolutionProperties) = preSolution
		HideSolutionNode = FALSE
	EndGlobalSection
EndGlobal
